dependencies:
- name: mongodb
  repository: https://charts.bitnami.com/bitnami
  version: 10.30.12
- name: redis
  repository: https://charts.bitnami.com/bitnami
  version: 16.8.10
- name: mibserver
  repository: https://pysnmp.github.io/mibs/charts/
  version: 1.14.6
digest: sha256:7161dd656d712273b5c1ccfda2c542f25f2998892e918488e5a9a94ecf53c684
generated: "2022-09-08T14:56:33.244148+02:00"
