dependencies:
- name: mongodb
  repository: https://charts.bitnami.com/bitnami
  version: 13.18.2
- name: redis
  repository: https://charts.bitnami.com/bitnami
  version: 18.0.4
- name: mibserver
  repository: https://pysnmp.github.io/mibs/charts/
  version: 1.15.3
digest: sha256:a8dbe1895a96370e05d2016c06e3a49fbd847a6ae234c7dc16174f5f37f624fd
generated: "2023-09-12T11:21:28.443217642Z"
